# This file is automatically @generated by Cargo.
# It is not intended for manual editing.
version = 3

[[package]]
name = "ansi_term"
version = "0.11.0"
source = "registry+https://github.com/rust-lang/crates.io-index"
checksum = "ee49baf6cb617b853aa8d93bf420db2383fab46d314482ca2803b40d5fde979b"
dependencies = [
 "winapi",
]

[[package]]
name = "anyhow"
version = "1.0.44"
source = "registry+https://github.com/rust-lang/crates.io-index"
checksum = "61604a8f862e1d5c3229fdd78f8b02c68dcf73a4c4b05fd636d12240aaa242c1"

[[package]]
name = "async-trait"
version = "0.1.51"
source = "registry+https://github.com/rust-lang/crates.io-index"
checksum = "44318e776df68115a881de9a8fd1b9e53368d7a4a5ce4cc48517da3393233a5e"
dependencies = [
 "proc-macro2",
 "quote",
 "syn",
]

[[package]]
name = "atty"
version = "0.2.14"
source = "registry+https://github.com/rust-lang/crates.io-index"
checksum = "d9b39be18770d11421cdb1b9947a45dd3f37e93092cbf377614828a319d5fee8"
dependencies = [
 "hermit-abi",
 "libc",
 "winapi",
]

[[package]]
name = "autocfg"
version = "1.0.1"
source = "registry+https://github.com/rust-lang/crates.io-index"
checksum = "cdb031dd78e28731d87d56cc8ffef4a8f36ca26c38fe2de700543e627f8a464a"

[[package]]
name = "base-x"
version = "0.2.8"
source = "registry+https://github.com/rust-lang/crates.io-index"
checksum = "a4521f3e3d031370679b3b140beb36dfe4801b09ac77e30c61941f97df3ef28b"

[[package]]
name = "bitflags"
version = "1.2.1"
source = "registry+https://github.com/rust-lang/crates.io-index"
checksum = "cf1de2fe8c75bc145a2f577add951f8134889b4795d47466a54a5c846d691693"

[[package]]
name = "bumpalo"
version = "3.7.0"
source = "registry+https://github.com/rust-lang/crates.io-index"
checksum = "9c59e7af012c713f529e7a3ee57ce9b31ddd858d4b512923602f74608b009631"

[[package]]
name = "byteorder"
version = "1.4.3"
source = "registry+https://github.com/rust-lang/crates.io-index"
checksum = "14c189c53d098945499cdfa7ecc63567cf3886b3332b312a5b4585d8d3a6a610"

[[package]]
name = "bytes"
version = "1.1.0"
source = "registry+https://github.com/rust-lang/crates.io-index"
checksum = "c4872d67bab6358e59559027aa3b9157c53d9358c51423c17554809a8858e0f8"

[[package]]
name = "cc"
version = "1.0.70"
source = "registry+https://github.com/rust-lang/crates.io-index"
checksum = "d26a6ce4b6a484fa3edb70f7efa6fc430fd2b87285fe8b84304fd0936faa0dc0"

[[package]]
name = "cfg-if"
version = "1.0.0"
source = "registry+https://github.com/rust-lang/crates.io-index"
checksum = "baf1de4339761588bc0619e3cbc0120ee582ebb74b53b4efbf79117bd2da40fd"

[[package]]
name = "chrono"
version = "0.4.19"
source = "registry+https://github.com/rust-lang/crates.io-index"
checksum = "670ad68c9088c2a963aaa298cb369688cf3f9465ce5e2d4ca10e6e0098a1ce73"
dependencies = [
 "libc",
 "num-integer",
 "num-traits",
 "time",
 "winapi",
]

[[package]]
name = "clap"
version = "2.33.3"
source = "registry+https://github.com/rust-lang/crates.io-index"
checksum = "37e58ac78573c40708d45522f0d80fa2f01cc4f9b4e2bf749807255454312002"
dependencies = [
 "ansi_term",
 "atty",
 "bitflags",
 "strsim",
 "textwrap",
 "unicode-width",
 "vec_map",
]

[[package]]
name = "core-foundation"
version = "0.6.4"
source = "registry+https://github.com/rust-lang/crates.io-index"
checksum = "25b9e03f145fd4f2bf705e07b900cd41fc636598fe5dc452fd0db1441c3f496d"
dependencies = [
 "core-foundation-sys",
 "libc",
]

[[package]]
name = "core-foundation-sys"
version = "0.6.2"
source = "registry+https://github.com/rust-lang/crates.io-index"
checksum = "e7ca8a5221364ef15ce201e8ed2f609fc312682a8f4e0e3d4aa5879764e0fa3b"

[[package]]
name = "crc"
version = "2.0.0"
source = "registry+https://github.com/rust-lang/crates.io-index"
checksum = "10c2722795460108a7872e1cd933a85d6ec38abc4baecad51028f702da28889f"
dependencies = [
 "crc-catalog",
]

[[package]]
name = "crc-catalog"
version = "1.1.1"
source = "registry+https://github.com/rust-lang/crates.io-index"
checksum = "ccaeedb56da03b09f598226e25e80088cb4cd25f316e6e4df7d695f0feeb1403"

[[package]]
name = "crc32fast"
version = "1.2.1"
source = "registry+https://github.com/rust-lang/crates.io-index"
checksum = "81156fece84ab6a9f2afdb109ce3ae577e42b1228441eded99bd77f627953b1a"
dependencies = [
 "cfg-if",
]

[[package]]
name = "crossbeam-epoch"
version = "0.9.5"
source = "registry+https://github.com/rust-lang/crates.io-index"
checksum = "4ec02e091aa634e2c3ada4a392989e7c3116673ef0ac5b72232439094d73b7fd"
dependencies = [
 "cfg-if",
 "crossbeam-utils",
 "lazy_static",
 "memoffset",
 "scopeguard",
]

[[package]]
name = "crossbeam-utils"
version = "0.8.5"
source = "registry+https://github.com/rust-lang/crates.io-index"
checksum = "d82cfc11ce7f2c3faef78d8a684447b40d503d9681acebed6cb728d45940c4db"
dependencies = [
 "cfg-if",
 "lazy_static",
]

[[package]]
name = "discard"
version = "1.0.4"
source = "registry+https://github.com/rust-lang/crates.io-index"
checksum = "212d0f5754cb6769937f4501cc0e67f4f4483c8d2c3e1e922ee9edbe4ab4c7c0"

[[package]]
name = "fnv"
version = "1.0.7"
source = "registry+https://github.com/rust-lang/crates.io-index"
checksum = "3f9eec918d3f24069decb9af1554cad7c880e2da24a9afd88aca000531ab82c1"

[[package]]
name = "fs2"
version = "0.4.3"
source = "registry+https://github.com/rust-lang/crates.io-index"
checksum = "9564fc758e15025b46aa6643b1b77d047d1a56a1aea6e01002ac0c7026876213"
dependencies = [
 "libc",
 "winapi",
]

[[package]]
name = "fxhash"
version = "0.2.1"
source = "registry+https://github.com/rust-lang/crates.io-index"
checksum = "c31b6d751ae2c7f11320402d34e41349dd1016f8d5d45e48c4312bc8625af50c"
dependencies = [
 "byteorder",
]

[[package]]
name = "gilrs"
version = "0.8.1"
source = "registry+https://github.com/rust-lang/crates.io-index"
checksum = "0e986f911d937f4395dfc2a39618dcef452773d32dcdbe0828c623f76588f749"
dependencies = [
 "fnv",
 "gilrs-core",
 "log",
 "uuid",
 "vec_map",
]

[[package]]
name = "gilrs-core"
version = "0.3.1"
source = "registry+https://github.com/rust-lang/crates.io-index"
checksum = "9a5e5bb97bf9a0d9519a28cf38839cf1d6d9bb572b48e3c67202271fec2ed5e7"
dependencies = [
 "core-foundation",
 "io-kit-sys",
 "libc",
 "libudev-sys",
 "log",
 "nix",
 "rusty-xinput",
 "stdweb",
 "uuid",
 "vec_map",
 "winapi",
]

[[package]]
name = "glonax"
version = "0.6.9"
dependencies = [
 "anyhow",
 "async-trait",
 "clap",
 "gilrs",
 "glonax-core",
 "glonax-ice",
 "glonax-serial",
 "log",
 "pid",
 "simplelog",
 "sled",
 "tokio",
]

[[package]]
name = "glonax-core"
version = "1.0.0"

[[package]]
name = "glonax-ice"
version = "1.0.6"
dependencies = [
 "crc",
 "log",
 "tokio",
]

[[package]]
name = "glonax-net"
version = "0.3.1"
dependencies = [
 "bytes",
 "log",
 "tokio",
]

[[package]]
name = "glonax-serial"
version = "1.0.0"
dependencies = [
 "libc",
 "log",
 "termios",
 "tokio",
]

[[package]]
name = "hermit-abi"
version = "0.1.19"
source = "registry+https://github.com/rust-lang/crates.io-index"
checksum = "62b467343b94ba476dcb2500d242dadbb39557df889310ac77c5d99100aaac33"
dependencies = [
 "libc",
]

[[package]]
name = "instant"
version = "0.1.10"
source = "registry+https://github.com/rust-lang/crates.io-index"
checksum = "bee0328b1209d157ef001c94dd85b4f8f64139adb0eac2659f4b08382b2f474d"
dependencies = [
 "cfg-if",
]

[[package]]
name = "io-kit-sys"
version = "0.1.0"
source = "registry+https://github.com/rust-lang/crates.io-index"
checksum = "f21dcc74995dd4cd090b147e79789f8d65959cbfb5f0b118002db869ea3bd0a0"
dependencies = [
 "core-foundation-sys",
 "mach",
]

[[package]]
name = "itoa"
version = "0.4.8"
source = "registry+https://github.com/rust-lang/crates.io-index"
checksum = "b71991ff56294aa922b450139ee08b3bfc70982c6b2c7562771375cf73542dd4"

[[package]]
name = "lazy_static"
version = "1.4.0"
source = "registry+https://github.com/rust-lang/crates.io-index"
checksum = "e2abad23fbc42b3700f2f279844dc832adb2b2eb069b2df918f455c4e18cc646"

[[package]]
name = "libc"
version = "0.2.102"
source = "registry+https://github.com/rust-lang/crates.io-index"
checksum = "a2a5ac8f984bfcf3a823267e5fde638acc3325f6496633a5da6bb6eb2171e103"

[[package]]
name = "libudev-sys"
version = "0.1.4"
source = "registry+https://github.com/rust-lang/crates.io-index"
checksum = "3c8469b4a23b962c1396b9b451dda50ef5b283e8dd309d69033475fa9b334324"
dependencies = [
 "libc",
 "pkg-config",
]

[[package]]
name = "lock_api"
version = "0.4.5"
source = "registry+https://github.com/rust-lang/crates.io-index"
checksum = "712a4d093c9976e24e7dbca41db895dabcbac38eb5f4045393d17a95bdfb1109"
dependencies = [
 "scopeguard",
]

[[package]]
name = "log"
version = "0.4.14"
source = "registry+https://github.com/rust-lang/crates.io-index"
checksum = "51b9bbe6c47d51fc3e1a9b945965946b4c44142ab8792c50835a980d362c2710"
dependencies = [
 "cfg-if",
]

[[package]]
name = "mach"
version = "0.2.3"
source = "registry+https://github.com/rust-lang/crates.io-index"
checksum = "86dd2487cdfea56def77b88438a2c915fb45113c5319bfe7e14306ca4cd0b0e1"
dependencies = [
 "libc",
]

[[package]]
name = "memchr"
version = "2.4.1"
source = "registry+https://github.com/rust-lang/crates.io-index"
checksum = "308cc39be01b73d0d18f82a0e7b2a3df85245f84af96fdddc5d202d27e47b86a"

[[package]]
name = "memoffset"
version = "0.6.4"
source = "registry+https://github.com/rust-lang/crates.io-index"
checksum = "59accc507f1338036a0477ef61afdae33cde60840f4dfe481319ce3ad116ddf9"
dependencies = [
 "autocfg",
]

[[package]]
name = "mio"
version = "0.7.13"
source = "registry+https://github.com/rust-lang/crates.io-index"
checksum = "8c2bdb6314ec10835cd3293dd268473a835c02b7b352e788be788b3c6ca6bb16"
dependencies = [
 "libc",
 "log",
 "miow",
 "ntapi",
 "winapi",
]

[[package]]
name = "miow"
version = "0.3.7"
source = "registry+https://github.com/rust-lang/crates.io-index"
checksum = "b9f1c5b025cda876f66ef43a113f91ebc9f4ccef34843000e0adf6ebbab84e21"
dependencies = [
 "winapi",
]

[[package]]
name = "nix"
version = "0.20.1"
source = "registry+https://github.com/rust-lang/crates.io-index"
checksum = "df8e5e343312e7fbeb2a52139114e9e702991ef9c2aea6817ff2440b35647d56"
dependencies = [
 "bitflags",
 "cc",
 "cfg-if",
 "libc",
 "memoffset",
]

[[package]]
name = "ntapi"
version = "0.3.6"
source = "registry+https://github.com/rust-lang/crates.io-index"
checksum = "3f6bb902e437b6d86e03cce10a7e2af662292c5dfef23b65899ea3ac9354ad44"
dependencies = [
 "winapi",
]

[[package]]
name = "num-integer"
version = "0.1.44"
source = "registry+https://github.com/rust-lang/crates.io-index"
checksum = "d2cc698a63b549a70bc047073d2949cce27cd1c7b0a4a862d08a8031bc2801db"
dependencies = [
 "autocfg",
 "num-traits",
]

[[package]]
name = "num-traits"
version = "0.2.14"
source = "registry+https://github.com/rust-lang/crates.io-index"
checksum = "9a64b1ec5cda2586e284722486d802acf1f7dbdc623e2bfc57e65ca1cd099290"
dependencies = [
 "autocfg",
]

[[package]]
name = "num_cpus"
version = "1.13.0"
source = "registry+https://github.com/rust-lang/crates.io-index"
checksum = "05499f3756671c15885fee9034446956fff3f243d6077b91e5767df161f766b3"
dependencies = [
 "hermit-abi",
 "libc",
]

[[package]]
name = "once_cell"
version = "1.8.0"
source = "registry+https://github.com/rust-lang/crates.io-index"
checksum = "692fcb63b64b1758029e0a96ee63e049ce8c5948587f2f7208df04625e5f6b56"

[[package]]
name = "parking_lot"
version = "0.11.2"
source = "registry+https://github.com/rust-lang/crates.io-index"
checksum = "7d17b78036a60663b797adeaee46f5c9dfebb86948d1255007a1d6be0271ff99"
dependencies = [
 "instant",
 "lock_api",
 "parking_lot_core",
]

[[package]]
name = "parking_lot_core"
version = "0.8.5"
source = "registry+https://github.com/rust-lang/crates.io-index"
checksum = "d76e8e1493bcac0d2766c42737f34458f1c8c50c0d23bcb24ea953affb273216"
dependencies = [
 "cfg-if",
 "instant",
 "libc",
 "redox_syscall",
 "smallvec",
 "winapi",
]

[[package]]
name = "pid"
version = "3.0.0"
source = "registry+https://github.com/rust-lang/crates.io-index"
checksum = "d81764342f0ec3d969b9898925e5b0dc31c95466cb70a79a3064b33eb3b5480a"
dependencies = [
 "num-traits",
]

[[package]]
name = "pin-project-lite"
version = "0.2.7"
source = "registry+https://github.com/rust-lang/crates.io-index"
checksum = "8d31d11c69a6b52a174b42bdc0c30e5e11670f90788b2c471c31c1d17d449443"

[[package]]
name = "pkg-config"
version = "0.3.19"
source = "registry+https://github.com/rust-lang/crates.io-index"
checksum = "3831453b3449ceb48b6d9c7ad7c96d5ea673e9b470a1dc578c2ce6521230884c"

[[package]]
name = "proc-macro2"
version = "1.0.29"
source = "registry+https://github.com/rust-lang/crates.io-index"
checksum = "b9f5105d4fdaab20335ca9565e106a5d9b82b6219b5ba735731124ac6711d23d"
dependencies = [
 "unicode-xid",
]

[[package]]
name = "quote"
version = "1.0.9"
source = "registry+https://github.com/rust-lang/crates.io-index"
checksum = "c3d0b9745dc2debf507c8422de05d7226cc1f0644216dfdfead988f9b1ab32a7"
dependencies = [
 "proc-macro2",
]

[[package]]
name = "redox_syscall"
version = "0.2.10"
source = "registry+https://github.com/rust-lang/crates.io-index"
checksum = "8383f39639269cde97d255a32bdb68c047337295414940c68bdd30c2e13203ff"
dependencies = [
 "bitflags",
]

[[package]]
name = "rustc_version"
version = "0.2.3"
source = "registry+https://github.com/rust-lang/crates.io-index"
checksum = "138e3e0acb6c9fb258b19b67cb8abd63c00679d2851805ea151465464fe9030a"
dependencies = [
 "semver",
]

[[package]]
name = "rusty-xinput"
version = "1.2.0"
source = "registry+https://github.com/rust-lang/crates.io-index"
checksum = "d2aa654bc32eb9ca14cce1a084abc9dfe43949a4547c35269a094c39272db3bb"
dependencies = [
 "lazy_static",
 "log",
 "winapi",
]

[[package]]
name = "ryu"
version = "1.0.5"
source = "registry+https://github.com/rust-lang/crates.io-index"
checksum = "71d301d4193d031abdd79ff7e3dd721168a9572ef3fe51a1517aba235bd8f86e"

[[package]]
name = "scopeguard"
version = "1.1.0"
source = "registry+https://github.com/rust-lang/crates.io-index"
checksum = "d29ab0c6d3fc0ee92fe66e2d99f700eab17a8d57d1c1d3b748380fb20baa78cd"

[[package]]
name = "semver"
version = "0.9.0"
source = "registry+https://github.com/rust-lang/crates.io-index"
checksum = "1d7eb9ef2c18661902cc47e535f9bc51b78acd254da71d375c2f6720d9a40403"
dependencies = [
 "semver-parser",
]

[[package]]
name = "semver-parser"
version = "0.7.0"
source = "registry+https://github.com/rust-lang/crates.io-index"
checksum = "388a1df253eca08550bef6c72392cfe7c30914bf41df5269b68cbd6ff8f570a3"

[[package]]
name = "serde"
version = "1.0.130"
source = "registry+https://github.com/rust-lang/crates.io-index"
checksum = "f12d06de37cf59146fbdecab66aa99f9fe4f78722e3607577a5375d66bd0c913"

[[package]]
name = "serde_derive"
version = "1.0.130"
source = "registry+https://github.com/rust-lang/crates.io-index"
checksum = "d7bc1a1ab1961464eae040d96713baa5a724a8152c1222492465b54322ec508b"
dependencies = [
 "proc-macro2",
 "quote",
 "syn",
]

[[package]]
name = "serde_json"
version = "1.0.68"
source = "registry+https://github.com/rust-lang/crates.io-index"
checksum = "0f690853975602e1bfe1ccbf50504d67174e3bcf340f23b5ea9992e0587a52d8"
dependencies = [
 "itoa",
 "ryu",
 "serde",
]

[[package]]
name = "sha1"
version = "0.6.0"
source = "registry+https://github.com/rust-lang/crates.io-index"
checksum = "2579985fda508104f7587689507983eadd6a6e84dd35d6d115361f530916fa0d"

[[package]]
name = "signal-hook-registry"
version = "1.4.0"
source = "registry+https://github.com/rust-lang/crates.io-index"
checksum = "e51e73328dc4ac0c7ccbda3a494dfa03df1de2f46018127f60c693f2648455b0"
dependencies = [
 "libc",
]

[[package]]
name = "simplelog"
version = "0.10.0"
source = "registry+https://github.com/rust-lang/crates.io-index"
checksum = "59d0fe306a0ced1c88a58042dc22fc2ddd000982c26d75f6aa09a394547c41e0"
dependencies = [
 "chrono",
 "log",
 "termcolor",
]

[[package]]
name = "sled"
version = "0.34.7"
source = "registry+https://github.com/rust-lang/crates.io-index"
checksum = "7f96b4737c2ce5987354855aed3797279def4ebf734436c6aa4552cf8e169935"
dependencies = [
 "crc32fast",
 "crossbeam-epoch",
 "crossbeam-utils",
 "fs2",
 "fxhash",
 "libc",
 "log",
 "parking_lot",
]

[[package]]
name = "smallvec"
version = "1.6.1"
source = "registry+https://github.com/rust-lang/crates.io-index"
checksum = "fe0f37c9e8f3c5a4a66ad655a93c74daac4ad00c441533bf5c6e7990bb42604e"

[[package]]
name = "stdweb"
version = "0.4.20"
source = "registry+https://github.com/rust-lang/crates.io-index"
checksum = "d022496b16281348b52d0e30ae99e01a73d737b2f45d38fed4edf79f9325a1d5"
dependencies = [
 "discard",
 "rustc_version",
 "serde",
 "serde_json",
 "stdweb-derive",
 "stdweb-internal-macros",
 "stdweb-internal-runtime",
 "wasm-bindgen",
]

[[package]]
name = "stdweb-derive"
version = "0.5.3"
source = "registry+https://github.com/rust-lang/crates.io-index"
checksum = "c87a60a40fccc84bef0652345bbbbbe20a605bf5d0ce81719fc476f5c03b50ef"
dependencies = [
 "proc-macro2",
 "quote",
 "serde",
 "serde_derive",
 "syn",
]

[[package]]
name = "stdweb-internal-macros"
version = "0.2.9"
source = "registry+https://github.com/rust-lang/crates.io-index"
checksum = "58fa5ff6ad0d98d1ffa8cb115892b6e69d67799f6763e162a1c9db421dc22e11"
dependencies = [
 "base-x",
 "proc-macro2",
 "quote",
 "serde",
 "serde_derive",
 "serde_json",
 "sha1",
 "syn",
]

[[package]]
name = "stdweb-internal-runtime"
version = "0.1.5"
source = "registry+https://github.com/rust-lang/crates.io-index"
checksum = "213701ba3370744dcd1a12960caa4843b3d68b4d1c0a5d575e0d65b2ee9d16c0"

[[package]]
name = "strsim"
version = "0.8.0"
source = "registry+https://github.com/rust-lang/crates.io-index"
checksum = "8ea5119cdb4c55b55d432abb513a0429384878c15dde60cc77b1c99de1a95a6a"

[[package]]
name = "syn"
version = "1.0.76"
source = "registry+https://github.com/rust-lang/crates.io-index"
checksum = "c6f107db402c2c2055242dbf4d2af0e69197202e9faacbef9571bbe47f5a1b84"
dependencies = [
 "proc-macro2",
 "quote",
 "unicode-xid",
]

[[package]]
name = "termcolor"
version = "1.1.2"
source = "registry+https://github.com/rust-lang/crates.io-index"
checksum = "2dfed899f0eb03f32ee8c6a0aabdb8a7949659e3466561fc0adf54e26d88c5f4"
dependencies = [
 "winapi-util",
]

[[package]]
name = "termios"
version = "0.2.2"
source = "registry+https://github.com/rust-lang/crates.io-index"
checksum = "d5d9cf598a6d7ce700a4e6a9199da127e6819a61e64b68609683cc9a01b5683a"
dependencies = [
 "libc",
]

[[package]]
name = "textwrap"
version = "0.11.0"
source = "registry+https://github.com/rust-lang/crates.io-index"
checksum = "d326610f408c7a4eb6f51c37c330e496b08506c9457c9d34287ecc38809fb060"
dependencies = [
 "unicode-width",
]

[[package]]
name = "time"
version = "0.1.44"
source = "registry+https://github.com/rust-lang/crates.io-index"
checksum = "6db9e6914ab8b1ae1c260a4ae7a49b6c5611b40328a735b21862567685e73255"
dependencies = [
 "libc",
 "wasi",
 "winapi",
]

[[package]]
name = "tokio"
version = "1.11.0"
source = "registry+https://github.com/rust-lang/crates.io-index"
checksum = "b4efe6fc2395938c8155973d7be49fe8d03a843726e285e100a8a383cc0154ce"
dependencies = [
 "autocfg",
 "bytes",
 "libc",
 "memchr",
 "mio",
 "num_cpus",
 "once_cell",
 "parking_lot",
 "pin-project-lite",
 "signal-hook-registry",
 "tokio-macros",
 "winapi",
]

[[package]]
name = "tokio-macros"
version = "1.3.0"
source = "registry+https://github.com/rust-lang/crates.io-index"
checksum = "54473be61f4ebe4efd09cec9bd5d16fa51d70ea0192213d754d2d500457db110"
dependencies = [
 "proc-macro2",
 "quote",
 "syn",
]

[[package]]
name = "unicode-width"
version = "0.1.8"
source = "registry+https://github.com/rust-lang/crates.io-index"
checksum = "9337591893a19b88d8d87f2cec1e73fad5cdfd10e5a6f349f498ad6ea2ffb1e3"

[[package]]
name = "unicode-xid"
version = "0.2.2"
source = "registry+https://github.com/rust-lang/crates.io-index"
checksum = "8ccb82d61f80a663efe1f787a51b16b5a51e3314d6ac365b08639f52387b33f3"

[[package]]
name = "uuid"
version = "0.8.2"
source = "registry+https://github.com/rust-lang/crates.io-index"
checksum = "bc5cf98d8186244414c848017f0e2676b3fcb46807f6668a97dfe67359a3c4b7"

[[package]]
name = "vec_map"
version = "0.8.2"
source = "registry+https://github.com/rust-lang/crates.io-index"
checksum = "f1bddf1187be692e79c5ffeab891132dfb0f236ed36a43c7ed39f1165ee20191"

[[package]]
name = "wasi"
version = "0.10.0+wasi-snapshot-preview1"
source = "registry+https://github.com/rust-lang/crates.io-index"
checksum = "1a143597ca7c7793eff794def352d41792a93c481eb1042423ff7ff72ba2c31f"

[[package]]
name = "wasm-bindgen"
version = "0.2.77"
source = "registry+https://github.com/rust-lang/crates.io-index"
checksum = "5e68338db6becec24d3c7977b5bf8a48be992c934b5d07177e3931f5dc9b076c"
dependencies = [
 "cfg-if",
 "wasm-bindgen-macro",
]

[[package]]
name = "wasm-bindgen-backend"
version = "0.2.77"
source = "registry+https://github.com/rust-lang/crates.io-index"
checksum = "f34c405b4f0658583dba0c1c7c9b694f3cac32655db463b56c254a1c75269523"
dependencies = [
 "bumpalo",
 "lazy_static",
 "log",
 "proc-macro2",
 "quote",
 "syn",
 "wasm-bindgen-shared",
]

[[package]]
name = "wasm-bindgen-macro"
version = "0.2.77"
source = "registry+https://github.com/rust-lang/crates.io-index"
checksum = "b9d5a6580be83b19dc570a8f9c324251687ab2184e57086f71625feb57ec77c8"
dependencies = [
 "quote",
 "wasm-bindgen-macro-support",
]

[[package]]
name = "wasm-bindgen-macro-support"
version = "0.2.77"
source = "registry+https://github.com/rust-lang/crates.io-index"
checksum = "e3775a030dc6f5a0afd8a84981a21cc92a781eb429acef9ecce476d0c9113e92"
dependencies = [
 "proc-macro2",
 "quote",
 "syn",
 "wasm-bindgen-backend",
 "wasm-bindgen-shared",
]

[[package]]
name = "wasm-bindgen-shared"
version = "0.2.77"
source = "registry+https://github.com/rust-lang/crates.io-index"
checksum = "c279e376c7a8e8752a8f1eaa35b7b0bee6bb9fb0cdacfa97cc3f1f289c87e2b4"

[[package]]
name = "winapi"
version = "0.3.9"
source = "registry+https://github.com/rust-lang/crates.io-index"
checksum = "5c839a674fcd7a98952e593242ea400abe93992746761e38641405d28b00f419"
dependencies = [
 "winapi-i686-pc-windows-gnu",
 "winapi-x86_64-pc-windows-gnu",
]

[[package]]
name = "winapi-i686-pc-windows-gnu"
version = "0.4.0"
source = "registry+https://github.com/rust-lang/crates.io-index"
checksum = "ac3b87c63620426dd9b991e5ce0329eff545bccbbb34f3be09ff6fb6ab51b7b6"

[[package]]
name = "winapi-util"
version = "0.1.5"
source = "registry+https://github.com/rust-lang/crates.io-index"
checksum = "70ec6ce85bb158151cae5e5c87f95a8e97d2c0c4b001223f33a334e3ce5de178"
dependencies = [
 "winapi",
]

[[package]]
name = "winapi-x86_64-pc-windows-gnu"
version = "0.4.0"
source = "registry+https://github.com/rust-lang/crates.io-index"
checksum = "712e227841d057c1ee1cd2fb22fa7e5a5461ae8e48fa2ca79ec42cfc1931183f"
